
Microsoft Visual Studio Solution File, Format Version 12.00
# Visual Studio 15
VisualStudioVersion = 15.0.28010.2041
MinimumVisualStudioVersion = 10.0.40219.1
Project("{FAE04EC0-301F-11D3-BF4B-00C04F79EFBC}") = "Sales.Android", "Sales\Sales.Android\Sales.Android.csproj", "{FE42B80E-A58E-4892-B208-787DCCE346FF}"
EndProject
Project("{FAE04EC0-301F-11D3-BF4B-00C04F79EFBC}") = "Sales.iOS", "Sales\Sales.iOS\Sales.iOS.csproj", "{50B99597-0F52-47DA-A08A-83DF39F1E8FD}"
EndProject
Project("{FAE04EC0-301F-11D3-BF4B-00C04F79EFBC}") = "Sales", "Sales\Sales\Sales.csproj", "{98B27FD9-6D58-400B-A442-A3FDC62BB154}"
EndProject
Project("{FAE04EC0-301F-11D3-BF4B-00C04F79EFBC}") = "Sales.Backend", "Sales.Backend\Sales.Backend.csproj", "{2DFB2E69-3433-4F1C-83DF-11F97508EB36}"
EndProject
Project("{FAE04EC0-301F-11D3-BF4B-00C04F79EFBC}") = "Sales.API", "Sales.API\Sales.API.csproj", "{91DDC64A-1589-47FC-90E3-3061963465EB}"
EndProject
Project("{FAE04EC0-301F-11D3-BF4B-00C04F79EFBC}") = "Sales.Domain", "Sales.Domain\Sales.Domain.csproj", "{4AA272D4-E2C7-4AD4-8B3F-17701DF28F95}"
EndProject
Project("{FAE04EC0-301F-11D3-BF4B-00C04F79EFBC}") = "Sales.Common", "Sales.Common\Sales.Common.csproj", "{AE6E1084-8961-46E0-8AC1-C12DA56061B9}"
EndProject
Global
	GlobalSection(SolutionConfigurationPlatforms) = preSolution
		Ad-Hoc|Any CPU = Ad-Hoc|Any CPU
		Ad-Hoc|iPhone = Ad-Hoc|iPhone
		Ad-Hoc|iPhoneSimulator = Ad-Hoc|iPhoneSimulator
		AppStore|Any CPU = AppStore|Any CPU
		AppStore|iPhone = AppStore|iPhone
		AppStore|iPhoneSimulator = AppStore|iPhoneSimulator
		Debug|Any CPU = Debug|Any CPU
		Debug|iPhone = Debug|iPhone
		Debug|iPhoneSimulator = Debug|iPhoneSimulator
		Release|Any CPU = Release|Any CPU
		Release|iPhone = Release|iPhone
		Release|iPhoneSimulator = Release|iPhoneSimulator
	EndGlobalSection
	GlobalSection(ProjectConfigurationPlatforms) = postSolution
		{FE42B80E-A58E-4892-B208-787DCCE346FF}.Ad-Hoc|Any CPU.ActiveCfg = Release|Any CPU
		{FE42B80E-A58E-4892-B208-787DCCE346FF}.Ad-Hoc|Any CPU.Build.0 = Release|Any CPU
		{FE42B80E-A58E-4892-B208-787DCCE346FF}.Ad-Hoc|Any CPU.Deploy.0 = Release|Any CPU
		{FE42B80E-A58E-4892-B208-787DCCE346FF}.Ad-Hoc|iPhone.ActiveCfg = Release|Any CPU
		{FE42B80E-A58E-4892-B208-787DCCE346FF}.Ad-Hoc|iPhone.Build.0 = Release|Any CPU
		{FE42B80E-A58E-4892-B208-787DCCE346FF}.Ad-Hoc|iPhone.Deploy.0 = Release|Any CPU
		{FE42B80E-A58E-4892-B208-787DCCE346FF}.Ad-Hoc|iPhoneSimulator.ActiveCfg = Release|Any CPU
		{FE42B80E-A58E-4892-B208-787DCCE346FF}.Ad-Hoc|iPhoneSimulator.Build.0 = Release|Any CPU
		{FE42B80E-A58E-4892-B208-787DCCE346FF}.Ad-Hoc|iPhoneSimulator.Deploy.0 = Release|Any CPU
		{FE42B80E-A58E-4892-B208-787DCCE346FF}.AppStore|Any CPU.ActiveCfg = Release|Any CPU
		{FE42B80E-A58E-4892-B208-787DCCE346FF}.AppStore|Any CPU.Build.0 = Release|Any CPU
		{FE42B80E-A58E-4892-B208-787DCCE346FF}.AppStore|Any CPU.Deploy.0 = Release|Any CPU
		{FE42B80E-A58E-4892-B208-787DCCE346FF}.AppStore|iPhone.ActiveCfg = Release|Any CPU
		{FE42B80E-A58E-4892-B208-787DCCE346FF}.AppStore|iPhone.Build.0 = Release|Any CPU
		{FE42B80E-A58E-4892-B208-787DCCE346FF}.AppStore|iPhone.Deploy.0 = Release|Any CPU
		{FE42B80E-A58E-4892-B208-787DCCE346FF}.AppStore|iPhoneSimulator.ActiveCfg = Release|Any CPU
		{FE42B80E-A58E-4892-B208-787DCCE346FF}.AppStore|iPhoneSimulator.Build.0 = Release|Any CPU
		{FE42B80E-A58E-4892-B208-787DCCE346FF}.AppStore|iPhoneSimulator.Deploy.0 = Release|Any CPU
		{FE42B80E-A58E-4892-B208-787DCCE346FF}.Debug|Any CPU.ActiveCfg = Debug|Any CPU
		{FE42B80E-A58E-4892-B208-787DCCE346FF}.Debug|Any CPU.Build.0 = Debug|Any CPU
		{FE42B80E-A58E-4892-B208-787DCCE346FF}.Debug|Any CPU.Deploy.0 = Debug|Any CPU
		{FE42B80E-A58E-4892-B208-787DCCE346FF}.Debug|iPhone.ActiveCfg = Debug|Any CPU
		{FE42B80E-A58E-4892-B208-787DCCE346FF}.Debug|iPhone.Build.0 = Debug|Any CPU
		{FE42B80E-A58E-4892-B208-787DCCE346FF}.Debug|iPhone.Deploy.0 = Debug|Any CPU
		{FE42B80E-A58E-4892-B208-787DCCE346FF}.Debug|iPhoneSimulator.ActiveCfg = Debug|Any CPU
		{FE42B80E-A58E-4892-B208-787DCCE346FF}.Debug|iPhoneSimulator.Build.0 = Debug|Any CPU
		{FE42B80E-A58E-4892-B208-787DCCE346FF}.Debug|iPhoneSimulator.Deploy.0 = Debug|Any CPU
		{FE42B80E-A58E-4892-B208-787DCCE346FF}.Release|Any CPU.ActiveCfg = Release|Any CPU
		{FE42B80E-A58E-4892-B208-787DCCE346FF}.Release|Any CPU.Build.0 = Release|Any CPU
		{FE42B80E-A58E-4892-B208-787DCCE346FF}.Release|Any CPU.Deploy.0 = Release|Any CPU
		{FE42B80E-A58E-4892-B208-787DCCE346FF}.Release|iPhone.ActiveCfg = Release|Any CPU
		{FE42B80E-A58E-4892-B208-787DCCE346FF}.Release|iPhone.Build.0 = Release|Any CPU
		{FE42B80E-A58E-4892-B208-787DCCE346FF}.Release|iPhone.Deploy.0 = Release|Any CPU
		{FE42B80E-A58E-4892-B208-787DCCE346FF}.Release|iPhoneSimulator.ActiveCfg = Release|Any CPU
		{FE42B80E-A58E-4892-B208-787DCCE346FF}.Release|iPhoneSimulator.Build.0 = Release|Any CPU
		{FE42B80E-A58E-4892-B208-787DCCE346FF}.Release|iPhoneSimulator.Deploy.0 = Release|Any CPU
		{50B99597-0F52-47DA-A08A-83DF39F1E8FD}.Ad-Hoc|Any CPU.ActiveCfg = Ad-Hoc|iPhone
		{50B99597-0F52-47DA-A08A-83DF39F1E8FD}.Ad-Hoc|Any CPU.Build.0 = Ad-Hoc|iPhone
		{50B99597-0F52-47DA-A08A-83DF39F1E8FD}.Ad-Hoc|Any CPU.Deploy.0 = Ad-Hoc|iPhone
		{50B99597-0F52-47DA-A08A-83DF39F1E8FD}.Ad-Hoc|iPhone.ActiveCfg = Ad-Hoc|iPhone
		{50B99597-0F52-47DA-A08A-83DF39F1E8FD}.Ad-Hoc|iPhone.Build.0 = Ad-Hoc|iPhone
		{50B99597-0F52-47DA-A08A-83DF39F1E8FD}.Ad-Hoc|iPhone.Deploy.0 = Ad-Hoc|iPhone
		{50B99597-0F52-47DA-A08A-83DF39F1E8FD}.Ad-Hoc|iPhoneSimulator.ActiveCfg = Ad-Hoc|iPhoneSimulator
		{50B99597-0F52-47DA-A08A-83DF39F1E8FD}.Ad-Hoc|iPhoneSimulator.Build.0 = Ad-Hoc|iPhoneSimulator
		{50B99597-0F52-47DA-A08A-83DF39F1E8FD}.Ad-Hoc|iPhoneSimulator.Deploy.0 = Ad-Hoc|iPhoneSimulator
		{50B99597-0F52-47DA-A08A-83DF39F1E8FD}.AppStore|Any CPU.ActiveCfg = AppStore|iPhone
		{50B99597-0F52-47DA-A08A-83DF39F1E8FD}.AppStore|Any CPU.Build.0 = AppStore|iPhone
		{50B99597-0F52-47DA-A08A-83DF39F1E8FD}.AppStore|Any CPU.Deploy.0 = AppStore|iPhone
		{50B99597-0F52-47DA-A08A-83DF39F1E8FD}.AppStore|iPhone.ActiveCfg = AppStore|iPhone
		{50B99597-0F52-47DA-A08A-83DF39F1E8FD}.AppStore|iPhone.Build.0 = AppStore|iPhone
		{50B99597-0F52-47DA-A08A-83DF39F1E8FD}.AppStore|iPhone.Deploy.0 = AppStore|iPhone
		{50B99597-0F52-47DA-A08A-83DF39F1E8FD}.AppStore|iPhoneSimulator.ActiveCfg = AppStore|iPhoneSimulator
		{50B99597-0F52-47DA-A08A-83DF39F1E8FD}.AppStore|iPhoneSimulator.Build.0 = AppStore|iPhoneSimulator
		{50B99597-0F52-47DA-A08A-83DF39F1E8FD}.AppStore|iPhoneSimulator.Deploy.0 = AppStore|iPhoneSimulator
		{50B99597-0F52-47DA-A08A-83DF39F1E8FD}.Debug|Any CPU.ActiveCfg = Debug|iPhoneSimulator
		{50B99597-0F52-47DA-A08A-83DF39F1E8FD}.Debug|Any CPU.Build.0 = Debug|iPhoneSimulator
		{50B99597-0F52-47DA-A08A-83DF39F1E8FD}.Debug|Any CPU.Deploy.0 = Debug|iPhoneSimulator
		{50B99597-0F52-47DA-A08A-83DF39F1E8FD}.Debug|iPhone.ActiveCfg = Debug|iPhone
		{50B99597-0F52-47DA-A08A-83DF39F1E8FD}.Debug|iPhone.Build.0 = Debug|iPhone
		{50B99597-0F52-47DA-A08A-83DF39F1E8FD}.Debug|iPhone.Deploy.0 = Debug|iPhone
		{50B99597-0F52-47DA-A08A-83DF39F1E8FD}.Debug|iPhoneSimulator.ActiveCfg = Debug|iPhoneSimulator
		{50B99597-0F52-47DA-A08A-83DF39F1E8FD}.Debug|iPhoneSimulator.Build.0 = Debug|iPhoneSimulator
		{50B99597-0F52-47DA-A08A-83DF39F1E8FD}.Debug|iPhoneSimulator.Deploy.0 = Debug|iPhoneSimulator
		{50B99597-0F52-47DA-A08A-83DF39F1E8FD}.Release|Any CPU.ActiveCfg = Release|iPhone
		{50B99597-0F52-47DA-A08A-83DF39F1E8FD}.Release|Any CPU.Build.0 = Release|iPhone
		{50B99597-0F52-47DA-A08A-83DF39F1E8FD}.Release|Any CPU.Deploy.0 = Release|iPhone
		{50B99597-0F52-47DA-A08A-83DF39F1E8FD}.Release|iPhone.ActiveCfg = Release|iPhone
		{50B99597-0F52-47DA-A08A-83DF39F1E8FD}.Release|iPhone.Build.0 = Release|iPhone
		{50B99597-0F52-47DA-A08A-83DF39F1E8FD}.Release|iPhone.Deploy.0 = Release|iPhone
		{50B99597-0F52-47DA-A08A-83DF39F1E8FD}.Release|iPhoneSimulator.ActiveCfg = Release|iPhoneSimulator
		{50B99597-0F52-47DA-A08A-83DF39F1E8FD}.Release|iPhoneSimulator.Build.0 = Release|iPhoneSimulator
		{50B99597-0F52-47DA-A08A-83DF39F1E8FD}.Release|iPhoneSimulator.Deploy.0 = Release|iPhoneSimulator
		{98B27FD9-6D58-400B-A442-A3FDC62BB154}.Ad-Hoc|Any CPU.ActiveCfg = Debug|Any CPU
		{98B27FD9-6D58-400B-A442-A3FDC62BB154}.Ad-Hoc|Any CPU.Build.0 = Debug|Any CPU
		{98B27FD9-6D58-400B-A442-A3FDC62BB154}.Ad-Hoc|Any CPU.Deploy.0 = Debug|Any CPU
		{98B27FD9-6D58-400B-A442-A3FDC62BB154}.Ad-Hoc|iPhone.ActiveCfg = Debug|Any CPU
		{98B27FD9-6D58-400B-A442-A3FDC62BB154}.Ad-Hoc|iPhone.Build.0 = Debug|Any CPU
		{98B27FD9-6D58-400B-A442-A3FDC62BB154}.Ad-Hoc|iPhone.Deploy.0 = Debug|Any CPU
		{98B27FD9-6D58-400B-A442-A3FDC62BB154}.Ad-Hoc|iPhoneSimulator.ActiveCfg = Debug|Any CPU
		{98B27FD9-6D58-400B-A442-A3FDC62BB154}.Ad-Hoc|iPhoneSimulator.Build.0 = Debug|Any CPU
		{98B27FD9-6D58-400B-A442-A3FDC62BB154}.Ad-Hoc|iPhoneSimulator.Deploy.0 = Debug|Any CPU
		{98B27FD9-6D58-400B-A442-A3FDC62BB154}.AppStore|Any CPU.ActiveCfg = Debug|Any CPU
		{98B27FD9-6D58-400B-A442-A3FDC62BB154}.AppStore|Any CPU.Build.0 = Debug|Any CPU
		{98B27FD9-6D58-400B-A442-A3FDC62BB154}.AppStore|Any CPU.Deploy.0 = Debug|Any CPU
		{98B27FD9-6D58-400B-A442-A3FDC62BB154}.AppStore|iPhone.ActiveCfg = Debug|Any CPU
		{98B27FD9-6D58-400B-A442-A3FDC62BB154}.AppStore|iPhone.Build.0 = Debug|Any CPU
		{98B27FD9-6D58-400B-A442-A3FDC62BB154}.AppStore|iPhone.Deploy.0 = Debug|Any CPU
		{98B27FD9-6D58-400B-A442-A3FDC62BB154}.AppStore|iPhoneSimulator.ActiveCfg = Debug|Any CPU
		{98B27FD9-6D58-400B-A442-A3FDC62BB154}.AppStore|iPhoneSimulator.Build.0 = Debug|Any CPU
		{98B27FD9-6D58-400B-A442-A3FDC62BB154}.AppStore|iPhoneSimulator.Deploy.0 = Debug|Any CPU
		{98B27FD9-6D58-400B-A442-A3FDC62BB154}.Debug|Any CPU.ActiveCfg = Debug|Any CPU
		{98B27FD9-6D58-400B-A442-A3FDC62BB154}.Debug|Any CPU.Build.0 = Debug|Any CPU
		{98B27FD9-6D58-400B-A442-A3FDC62BB154}.Debug|Any CPU.Deploy.0 = Debug|Any CPU
		{98B27FD9-6D58-400B-A442-A3FDC62BB154}.Debug|iPhone.ActiveCfg = Debug|Any CPU
		{98B27FD9-6D58-400B-A442-A3FDC62BB154}.Debug|iPhone.Build.0 = Debug|Any CPU
		{98B27FD9-6D58-400B-A442-A3FDC62BB154}.Debug|iPhone.Deploy.0 = Debug|Any CPU
		{98B27FD9-6D58-400B-A442-A3FDC62BB154}.Debug|iPhoneSimulator.ActiveCfg = Debug|Any CPU
		{98B27FD9-6D58-400B-A442-A3FDC62BB154}.Debug|iPhoneSimulator.Build.0 = Debug|Any CPU
		{98B27FD9-6D58-400B-A442-A3FDC62BB154}.Debug|iPhoneSimulator.Deploy.0 = Debug|Any CPU
		{98B27FD9-6D58-400B-A442-A3FDC62BB154}.Release|Any CPU.ActiveCfg = Release|Any CPU
		{98B27FD9-6D58-400B-A442-A3FDC62BB154}.Release|Any CPU.Build.0 = Release|Any CPU
		{98B27FD9-6D58-400B-A442-A3FDC62BB154}.Release|Any CPU.Deploy.0 = Release|Any CPU
		{98B27FD9-6D58-400B-A442-A3FDC62BB154}.Release|iPhone.ActiveCfg = Release|Any CPU
		{98B27FD9-6D58-400B-A442-A3FDC62BB154}.Release|iPhone.Build.0 = Release|Any CPU
		{98B27FD9-6D58-400B-A442-A3FDC62BB154}.Release|iPhone.Deploy.0 = Release|Any CPU
		{98B27FD9-6D58-400B-A442-A3FDC62BB154}.Release|iPhoneSimulator.ActiveCfg = Release|Any CPU
		{98B27FD9-6D58-400B-A442-A3FDC62BB154}.Release|iPhoneSimulator.Build.0 = Release|Any CPU
		{98B27FD9-6D58-400B-A442-A3FDC62BB154}.Release|iPhoneSimulator.Deploy.0 = Release|Any CPU
		{2DFB2E69-3433-4F1C-83DF-11F97508EB36}.Ad-Hoc|Any CPU.ActiveCfg = Release|Any CPU
		{2DFB2E69-3433-4F1C-83DF-11F97508EB36}.Ad-Hoc|Any CPU.Build.0 = Release|Any CPU
		{2DFB2E69-3433-4F1C-83DF-11F97508EB36}.Ad-Hoc|iPhone.ActiveCfg = Release|Any CPU
		{2DFB2E69-3433-4F1C-83DF-11F97508EB36}.Ad-Hoc|iPhone.Build.0 = Release|Any CPU
		{2DFB2E69-3433-4F1C-83DF-11F97508EB36}.Ad-Hoc|iPhoneSimulator.ActiveCfg = Release|Any CPU
		{2DFB2E69-3433-4F1C-83DF-11F97508EB36}.Ad-Hoc|iPhoneSimulator.Build.0 = Release|Any CPU
		{2DFB2E69-3433-4F1C-83DF-11F97508EB36}.AppStore|Any CPU.ActiveCfg = Release|Any CPU
		{2DFB2E69-3433-4F1C-83DF-11F97508EB36}.AppStore|Any CPU.Build.0 = Release|Any CPU
		{2DFB2E69-3433-4F1C-83DF-11F97508EB36}.AppStore|iPhone.ActiveCfg = Release|Any CPU
		{2DFB2E69-3433-4F1C-83DF-11F97508EB36}.AppStore|iPhone.Build.0 = Release|Any CPU
		{2DFB2E69-3433-4F1C-83DF-11F97508EB36}.AppStore|iPhoneSimulator.ActiveCfg = Release|Any CPU
		{2DFB2E69-3433-4F1C-83DF-11F97508EB36}.AppStore|iPhoneSimulator.Build.0 = Release|Any CPU
		{2DFB2E69-3433-4F1C-83DF-11F97508EB36}.Debug|Any CPU.ActiveCfg = Debug|Any CPU
		{2DFB2E69-3433-4F1C-83DF-11F97508EB36}.Debug|Any CPU.Build.0 = Debug|Any CPU
		{2DFB2E69-3433-4F1C-83DF-11F97508EB36}.Debug|iPhone.ActiveCfg = Debug|Any CPU
		{2DFB2E69-3433-4F1C-83DF-11F97508EB36}.Debug|iPhone.Build.0 = Debug|Any CPU
		{2DFB2E69-3433-4F1C-83DF-11F97508EB36}.Debug|iPhoneSimulator.ActiveCfg = Debug|Any CPU
		{2DFB2E69-3433-4F1C-83DF-11F97508EB36}.Debug|iPhoneSimulator.Build.0 = Debug|Any CPU
		{2DFB2E69-3433-4F1C-83DF-11F97508EB36}.Release|Any CPU.ActiveCfg = Release|Any CPU
		{2DFB2E69-3433-4F1C-83DF-11F97508EB36}.Release|Any CPU.Build.0 = Release|Any CPU
		{2DFB2E69-3433-4F1C-83DF-11F97508EB36}.Release|iPhone.ActiveCfg = Release|Any CPU
		{2DFB2E69-3433-4F1C-83DF-11F97508EB36}.Release|iPhone.Build.0 = Release|Any CPU
		{2DFB2E69-3433-4F1C-83DF-11F97508EB36}.Release|iPhoneSimulator.ActiveCfg = Release|Any CPU
		{2DFB2E69-3433-4F1C-83DF-11F97508EB36}.Release|iPhoneSimulator.Build.0 = Release|Any CPU
		{91DDC64A-1589-47FC-90E3-3061963465EB}.Ad-Hoc|Any CPU.ActiveCfg = Release|Any CPU
		{91DDC64A-1589-47FC-90E3-3061963465EB}.Ad-Hoc|Any CPU.Build.0 = Release|Any CPU
		{91DDC64A-1589-47FC-90E3-3061963465EB}.Ad-Hoc|iPhone.ActiveCfg = Release|Any CPU
		{91DDC64A-1589-47FC-90E3-3061963465EB}.Ad-Hoc|iPhone.Build.0 = Release|Any CPU
		{91DDC64A-1589-47FC-90E3-3061963465EB}.Ad-Hoc|iPhoneSimulator.ActiveCfg = Release|Any CPU
		{91DDC64A-1589-47FC-90E3-3061963465EB}.Ad-Hoc|iPhoneSimulator.Build.0 = Release|Any CPU
		{91DDC64A-1589-47FC-90E3-3061963465EB}.AppStore|Any CPU.ActiveCfg = Release|Any CPU
		{91DDC64A-1589-47FC-90E3-3061963465EB}.AppStore|Any CPU.Build.0 = Release|Any CPU
		{91DDC64A-1589-47FC-90E3-3061963465EB}.AppStore|iPhone.ActiveCfg = Release|Any CPU
		{91DDC64A-1589-47FC-90E3-3061963465EB}.AppStore|iPhone.Build.0 = Release|Any CPU
		{91DDC64A-1589-47FC-90E3-3061963465EB}.AppStore|iPhoneSimulator.ActiveCfg = Release|Any CPU
		{91DDC64A-1589-47FC-90E3-3061963465EB}.AppStore|iPhoneSimulator.Build.0 = Release|Any CPU
		{91DDC64A-1589-47FC-90E3-3061963465EB}.Debug|Any CPU.ActiveCfg = Debug|Any CPU
		{91DDC64A-1589-47FC-90E3-3061963465EB}.Debug|Any CPU.Build.0 = Debug|Any CPU
		{91DDC64A-1589-47FC-90E3-3061963465EB}.Debug|iPhone.ActiveCfg = Debug|Any CPU
		{91DDC64A-1589-47FC-90E3-3061963465EB}.Debug|iPhone.Build.0 = Debug|Any CPU
		{91DDC64A-1589-47FC-90E3-3061963465EB}.Debug|iPhoneSimulator.ActiveCfg = Debug|Any CPU
		{91DDC64A-1589-47FC-90E3-3061963465EB}.Debug|iPhoneSimulator.Build.0 = Debug|Any CPU
		{91DDC64A-1589-47FC-90E3-3061963465EB}.Release|Any CPU.ActiveCfg = Release|Any CPU
		{91DDC64A-1589-47FC-90E3-3061963465EB}.Release|Any CPU.Build.0 = Release|Any CPU
		{91DDC64A-1589-47FC-90E3-3061963465EB}.Release|iPhone.ActiveCfg = Release|Any CPU
		{91DDC64A-1589-47FC-90E3-3061963465EB}.Release|iPhone.Build.0 = Release|Any CPU
		{91DDC64A-1589-47FC-90E3-3061963465EB}.Release|iPhoneSimulator.ActiveCfg = Release|Any CPU
		{91DDC64A-1589-47FC-90E3-3061963465EB}.Release|iPhoneSimulator.Build.0 = Release|Any CPU
		{4AA272D4-E2C7-4AD4-8B3F-17701DF28F95}.Ad-Hoc|Any CPU.ActiveCfg = Release|Any CPU
		{4AA272D4-E2C7-4AD4-8B3F-17701DF28F95}.Ad-Hoc|Any CPU.Build.0 = Release|Any CPU
		{4AA272D4-E2C7-4AD4-8B3F-17701DF28F95}.Ad-Hoc|iPhone.ActiveCfg = Release|Any CPU
		{4AA272D4-E2C7-4AD4-8B3F-17701DF28F95}.Ad-Hoc|iPhone.Build.0 = Release|Any CPU
		{4AA272D4-E2C7-4AD4-8B3F-17701DF28F95}.Ad-Hoc|iPhoneSimulator.ActiveCfg = Release|Any CPU
		{4AA272D4-E2C7-4AD4-8B3F-17701DF28F95}.Ad-Hoc|iPhoneSimulator.Build.0 = Release|Any CPU
		{4AA272D4-E2C7-4AD4-8B3F-17701DF28F95}.AppStore|Any CPU.ActiveCfg = Release|Any CPU
		{4AA272D4-E2C7-4AD4-8B3F-17701DF28F95}.AppStore|Any CPU.Build.0 = Release|Any CPU
		{4AA272D4-E2C7-4AD4-8B3F-17701DF28F95}.AppStore|iPhone.ActiveCfg = Release|Any CPU
		{4AA272D4-E2C7-4AD4-8B3F-17701DF28F95}.AppStore|iPhone.Build.0 = Release|Any CPU
		{4AA272D4-E2C7-4AD4-8B3F-17701DF28F95}.AppStore|iPhoneSimulator.ActiveCfg = Release|Any CPU
		{4AA272D4-E2C7-4AD4-8B3F-17701DF28F95}.AppStore|iPhoneSimulator.Build.0 = Release|Any CPU
		{4AA272D4-E2C7-4AD4-8B3F-17701DF28F95}.Debug|Any CPU.ActiveCfg = Debug|Any CPU
		{4AA272D4-E2C7-4AD4-8B3F-17701DF28F95}.Debug|Any CPU.Build.0 = Debug|Any CPU
		{4AA272D4-E2C7-4AD4-8B3F-17701DF28F95}.Debug|iPhone.ActiveCfg = Debug|Any CPU
		{4AA272D4-E2C7-4AD4-8B3F-17701DF28F95}.Debug|iPhone.Build.0 = Debug|Any CPU
		{4AA272D4-E2C7-4AD4-8B3F-17701DF28F95}.Debug|iPhoneSimulator.ActiveCfg = Debug|Any CPU
		{4AA272D4-E2C7-4AD4-8B3F-17701DF28F95}.Debug|iPhoneSimulator.Build.0 = Debug|Any CPU
		{4AA272D4-E2C7-4AD4-8B3F-17701DF28F95}.Release|Any CPU.ActiveCfg = Release|Any CPU
		{4AA272D4-E2C7-4AD4-8B3F-17701DF28F95}.Release|Any CPU.Build.0 = Release|Any CPU
		{4AA272D4-E2C7-4AD4-8B3F-17701DF28F95}.Release|iPhone.ActiveCfg = Release|Any CPU
		{4AA272D4-E2C7-4AD4-8B3F-17701DF28F95}.Release|iPhone.Build.0 = Release|Any CPU
		{4AA272D4-E2C7-4AD4-8B3F-17701DF28F95}.Release|iPhoneSimulator.ActiveCfg = Release|Any CPU
		{4AA272D4-E2C7-4AD4-8B3F-17701DF28F95}.Release|iPhoneSimulator.Build.0 = Release|Any CPU
		{AE6E1084-8961-46E0-8AC1-C12DA56061B9}.Ad-Hoc|Any CPU.ActiveCfg = Release|Any CPU
		{AE6E1084-8961-46E0-8AC1-C12DA56061B9}.Ad-Hoc|Any CPU.Build.0 = Release|Any CPU
		{AE6E1084-8961-46E0-8AC1-C12DA56061B9}.Ad-Hoc|iPhone.ActiveCfg = Release|Any CPU
		{AE6E1084-8961-46E0-8AC1-C12DA56061B9}.Ad-Hoc|iPhone.Build.0 = Release|Any CPU
		{AE6E1084-8961-46E0-8AC1-C12DA56061B9}.Ad-Hoc|iPhoneSimulator.ActiveCfg = Release|Any CPU
		{AE6E1084-8961-46E0-8AC1-C12DA56061B9}.Ad-Hoc|iPhoneSimulator.Build.0 = Release|Any CPU
		{AE6E1084-8961-46E0-8AC1-C12DA56061B9}.AppStore|Any CPU.ActiveCfg = Release|Any CPU
		{AE6E1084-8961-46E0-8AC1-C12DA56061B9}.AppStore|Any CPU.Build.0 = Release|Any CPU
		{AE6E1084-8961-46E0-8AC1-C12DA56061B9}.AppStore|iPhone.ActiveCfg = Release|Any CPU
		{AE6E1084-8961-46E0-8AC1-C12DA56061B9}.AppStore|iPhone.Build.0 = Release|Any CPU
		{AE6E1084-8961-46E0-8AC1-C12DA56061B9}.AppStore|iPhoneSimulator.ActiveCfg = Release|Any CPU
		{AE6E1084-8961-46E0-8AC1-C12DA56061B9}.AppStore|iPhoneSimulator.Build.0 = Release|Any CPU
		{AE6E1084-8961-46E0-8AC1-C12DA56061B9}.Debug|Any CPU.ActiveCfg = Debug|Any CPU
		{AE6E1084-8961-46E0-8AC1-C12DA56061B9}.Debug|Any CPU.Build.0 = Debug|Any CPU
		{AE6E1084-8961-46E0-8AC1-C12DA56061B9}.Debug|iPhone.ActiveCfg = Debug|Any CPU
		{AE6E1084-8961-46E0-8AC1-C12DA56061B9}.Debug|iPhone.Build.0 = Debug|Any CPU
		{AE6E1084-8961-46E0-8AC1-C12DA56061B9}.Debug|iPhoneSimulator.ActiveCfg = Debug|Any CPU
		{AE6E1084-8961-46E0-8AC1-C12DA56061B9}.Debug|iPhoneSimulator.Build.0 = Debug|Any CPU
		{AE6E1084-8961-46E0-8AC1-C12DA56061B9}.Release|Any CPU.ActiveCfg = Release|Any CPU
		{AE6E1084-8961-46E0-8AC1-C12DA56061B9}.Release|Any CPU.Build.0 = Release|Any CPU
		{AE6E1084-8961-46E0-8AC1-C12DA56061B9}.Release|iPhone.ActiveCfg = Release|Any CPU
		{AE6E1084-8961-46E0-8AC1-C12DA56061B9}.Release|iPhone.Build.0 = Release|Any CPU
		{AE6E1084-8961-46E0-8AC1-C12DA56061B9}.Release|iPhoneSimulator.ActiveCfg = Release|Any CPU
		{AE6E1084-8961-46E0-8AC1-C12DA56061B9}.Release|iPhoneSimulator.Build.0 = Release|Any CPU
	EndGlobalSection
	GlobalSection(SolutionProperties) = preSolution
		HideSolutionNode = FALSE
	EndGlobalSection
	GlobalSection(ExtensibilityGlobals) = postSolution
		SolutionGuid = {837551E9-B1BD-46B1-A84B-3635F2915E15}
	EndGlobalSection
EndGlobal
